
Microsoft Visual Studio Solution File, Format Version 12.00
# Visual Studio 2012
Project("{FAE04EC0-301F-11D3-BF4B-00C04F79EFBC}") = "Sfs", "Sfs\Sfs.csproj", "{9304E994-31A9-40E0-AA7C-69161E72D400}"
EndProject
Project("{F088123C-0E9E-452A-89E6-6BA2F21D5CAC}") = "Documentacao", "Documentacao\Documentacao.modelproj", "{FFDB852B-C74B-45DA-9EE5-4376919BE97E}"
EndProject
Global
	GlobalSection(SolutionConfigurationPlatforms) = preSolution
		Debug|Any CPU = Debug|Any CPU
		Release|Any CPU = Release|Any CPU
	EndGlobalSection
	GlobalSection(ProjectConfigurationPlatforms) = postSolution
		{9304E994-31A9-40E0-AA7C-69161E72D400}.Debug|Any CPU.ActiveCfg = Debug|Any CPU
		{9304E994-31A9-40E0-AA7C-69161E72D400}.Debug|Any CPU.Build.0 = Debug|Any CPU
		{9304E994-31A9-40E0-AA7C-69161E72D400}.Release|Any CPU.ActiveCfg = Release|Any CPU
		{9304E994-31A9-40E0-AA7C-69161E72D400}.Release|Any CPU.Build.0 = Release|Any CPU
		{FFDB852B-C74B-45DA-9EE5-4376919BE97E}.Debug|Any CPU.ActiveCfg = Debug|Any CPU
		{FFDB852B-C74B-45DA-9EE5-4376919BE97E}.Debug|Any CPU.Build.0 = Debug|Any CPU
		{FFDB852B-C74B-45DA-9EE5-4376919BE97E}.Release|Any CPU.ActiveCfg = Release|Any CPU
		{FFDB852B-C74B-45DA-9EE5-4376919BE97E}.Release|Any CPU.Build.0 = Release|Any CPU
	EndGlobalSection
	GlobalSection(SolutionProperties) = preSolution
		HideSolutionNode = FALSE
	EndGlobalSection
EndGlobal
